
Microsoft Visual Studio Solution File, Format Version 10.00
# Visual Studio 2008
Project("{FAE04EC0-301F-11D3-BF4B-00C04F79EFBC}") = "jogoMemoria", "jogoMemoria\jogoMemoria.csproj", "{C5B07BCD-0512-44EB-9856-AF575C64BFC1}"
EndProject
Global
	GlobalSection(SolutionConfigurationPlatforms) = preSolution
		Debug|Any CPU = Debug|Any CPU
		Release|Any CPU = Release|Any CPU
	EndGlobalSection
	GlobalSection(ProjectConfigurationPlatforms) = postSolution
		{C5B07BCD-0512-44EB-9856-AF575C64BFC1}.Debug|Any CPU.ActiveCfg = Debug|Any CPU
		{C5B07BCD-0512-44EB-9856-AF575C64BFC1}.Debug|Any CPU.Build.0 = Debug|Any CPU
		{C5B07BCD-0512-44EB-9856-AF575C64BFC1}.Release|Any CPU.ActiveCfg = Release|Any CPU
		{C5B07BCD-0512-44EB-9856-AF575C64BFC1}.Release|Any CPU.Build.0 = Release|Any CPU
	EndGlobalSection
	GlobalSection(SolutionProperties) = preSolution
		HideSolutionNode = FALSE
	EndGlobalSection
EndGlobal
